
Microsoft Visual Studio Solution File, Format Version 12.00
# Visual Studio 2017
Project("{FAE04EC0-301F-11D3-BF4B-00C04F79EFBC}") = "Warteg Explore", "Warteg Explore.csproj", "{11129862-B0E7-2A24-2F16-2D6F7326470E}"
EndProject
Global
	GlobalSection(SolutionConfigurationPlatforms) = preSolution
		Debug|Any CPU = Debug|Any CPU
		Release|Any CPU = Release|Any CPU
	EndGlobalSection
	GlobalSection(ProjectConfigurationPlatforms) = postSolution
		{11129862-B0E7-2A24-2F16-2D6F7326470E}.Debug|Any CPU.ActiveCfg = Debug|Any CPU
		{11129862-B0E7-2A24-2F16-2D6F7326470E}.Debug|Any CPU.Build.0 = Debug|Any CPU
		{11129862-B0E7-2A24-2F16-2D6F7326470E}.Release|Any CPU.ActiveCfg = Release|Any CPU
		{11129862-B0E7-2A24-2F16-2D6F7326470E}.Release|Any CPU.Build.0 = Release|Any CPU
	EndGlobalSection
	GlobalSection(SolutionProperties) = preSolution
		HideSolutionNode = FALSE
	EndGlobalSection
EndGlobal
